
Microsoft Visual Studio Solution File, Format Version 12.00
# Visual Studio Version 16
VisualStudioVersion = 16.0.29519.87
MinimumVisualStudioVersion = 10.0.40219.1
Project("{FAE04EC0-301F-11D3-BF4B-00C04F79EFBC}") = "WindowsFormsApp1", "WindowsFormsApp1\WindowsFormsApp1.csproj", "{E876DDCF-E705-420D-849A-2632C026F1F2}"
EndProject
Global
	GlobalSection(SolutionConfigurationPlatforms) = preSolution
		Debug|Any CPU = Debug|Any CPU
		Release|Any CPU = Release|Any CPU
	EndGlobalSection
	GlobalSection(ProjectConfigurationPlatforms) = postSolution
		{E876DDCF-E705-420D-849A-2632C026F1F2}.Debug|Any CPU.ActiveCfg = Debug|Any CPU
		{E876DDCF-E705-420D-849A-2632C026F1F2}.Debug|Any CPU.Build.0 = Debug|Any CPU
		{E876DDCF-E705-420D-849A-2632C026F1F2}.Release|Any CPU.ActiveCfg = Release|Any CPU
		{E876DDCF-E705-420D-849A-2632C026F1F2}.Release|Any CPU.Build.0 = Release|Any CPU
	EndGlobalSection
	GlobalSection(SolutionProperties) = preSolution
		HideSolutionNode = FALSE
	EndGlobalSection
	GlobalSection(ExtensibilityGlobals) = postSolution
		SolutionGuid = {F44BE3A5-0BA9-4896-B820-EFFB36002A59}
	EndGlobalSection
EndGlobal
